{
  "object": {
    "pins": [
      {
        "package": "Screenshots",
        "repositoryURL": "https://github.com/dequin-cl/Screenshots.git",
        "state": {
          "branch": null,
          "revision": "ac8084c53f693656e778ccbc13e351144fd9a46a",
          "version": "1.0.0"
        }
      }
    ]
  },
  "version": 1
}
